
Microsoft Visual Studio Solution File, Format Version 12.00
# Visual Studio 15
VisualStudioVersion = 15.0.27130.2026
MinimumVisualStudioVersion = 10.0.40219.1
Project("{8BC9CEB8-8B4A-11D0-8D11-00A0C91BC942}") = "TimeManager", "TimeManager\TimeManager.vcxproj", "{9FCD8389-58F8-455E-B22F-6987C7EEB921}"
EndProject
Global
	GlobalSection(SolutionConfigurationPlatforms) = preSolution
		Debug|x64 = Debug|x64
		Debug|x86 = Debug|x86
		Release|x64 = Release|x64
		Release|x86 = Release|x86
	EndGlobalSection
	GlobalSection(ProjectConfigurationPlatforms) = postSolution
		{9FCD8389-58F8-455E-B22F-6987C7EEB921}.Debug|x64.ActiveCfg = Debug|x64
		{9FCD8389-58F8-455E-B22F-6987C7EEB921}.Debug|x64.Build.0 = Debug|x64
		{9FCD8389-58F8-455E-B22F-6987C7EEB921}.Debug|x86.ActiveCfg = Debug|Win32
		{9FCD8389-58F8-455E-B22F-6987C7EEB921}.Debug|x86.Build.0 = Debug|Win32
		{9FCD8389-58F8-455E-B22F-6987C7EEB921}.Release|x64.ActiveCfg = Release|x64
		{9FCD8389-58F8-455E-B22F-6987C7EEB921}.Release|x64.Build.0 = Release|x64
		{9FCD8389-58F8-455E-B22F-6987C7EEB921}.Release|x86.ActiveCfg = Release|Win32
		{9FCD8389-58F8-455E-B22F-6987C7EEB921}.Release|x86.Build.0 = Release|Win32
	EndGlobalSection
	GlobalSection(SolutionProperties) = preSolution
		HideSolutionNode = FALSE
	EndGlobalSection
	GlobalSection(ExtensibilityGlobals) = postSolution
		SolutionGuid = {BE2F0C43-5275-404F-B41F-C89DD3FE6E03}
	EndGlobalSection
EndGlobal
